// !$*UTF8*$!
{
	archiveVersion = 1;
	classes = {
	};
	objectVersion = 50;
	objects = {

/* Begin PBXBuildFile section */
		65A1380921932A6F00968D70 /* MePresenter.swift in Sources */ = {isa = PBXBuildFile; fileRef = 65A1380321932A6F00968D70 /* MePresenter.swift */; };
		65A1380A21932A6F00968D70 /* MeRouter.swift in Sources */ = {isa = PBXBuildFile; fileRef = 65A1380421932A6F00968D70 /* MeRouter.swift */; };
		65A1380B21932A6F00968D70 /* MeViewController.swift in Sources */ = {isa = PBXBuildFile; fileRef = 65A1380521932A6F00968D70 /* MeViewController.swift */; };
		65A1380C21932A6F00968D70 /* MeProtocols.swift in Sources */ = {isa = PBXBuildFile; fileRef = 65A1380621932A6F00968D70 /* MeProtocols.swift */; };
		65A1380D21932A6F00968D70 /* MeInteractor.swift in Sources */ = {isa = PBXBuildFile; fileRef = 65A1380721932A6F00968D70 /* MeInteractor.swift */; };
		65A1383D2195E9A300968D70 /* Login.storyboard in Resources */ = {isa = PBXBuildFile; fileRef = 65A1382E2195E9A200968D70 /* Login.storyboard */; };
		65A1383E2195E9A300968D70 /* LoginInteractor.swift in Sources */ = {isa = PBXBuildFile; fileRef = 65A138302195E9A200968D70 /* LoginInteractor.swift */; };
		65A1383F2195E9A300968D70 /* LoginViewController.swift in Sources */ = {isa = PBXBuildFile; fileRef = 65A138312195E9A200968D70 /* LoginViewController.swift */; };
		65A138402195E9A300968D70 /* LoginProtocols.swift in Sources */ = {isa = PBXBuildFile; fileRef = 65A138322195E9A200968D70 /* LoginProtocols.swift */; };
		65A138412195E9A300968D70 /* LoginPresenter.swift in Sources */ = {isa = PBXBuildFile; fileRef = 65A138332195E9A200968D70 /* LoginPresenter.swift */; };
		65A138422195E9A300968D70 /* LoginRouter.swift in Sources */ = {isa = PBXBuildFile; fileRef = 65A138342195E9A200968D70 /* LoginRouter.swift */; };
		65A138432195E9A300968D70 /* Settings.storyboard in Resources */ = {isa = PBXBuildFile; fileRef = 65A138362195E9A200968D70 /* Settings.storyboard */; };
		65A138442195E9A300968D70 /* SettiingRouter.swift in Sources */ = {isa = PBXBuildFile; fileRef = 65A138382195E9A200968D70 /* SettiingRouter.swift */; };
		65A138452195E9A300968D70 /* SettiingInteractor.swift in Sources */ = {isa = PBXBuildFile; fileRef = 65A138392195E9A200968D70 /* SettiingInteractor.swift */; };
		65A138462195E9A300968D70 /* SettiingProtocols.swift in Sources */ = {isa = PBXBuildFile; fileRef = 65A1383A2195E9A200968D70 /* SettiingProtocols.swift */; };
		65A138472195E9A300968D70 /* SettiingViewController.swift in Sources */ = {isa = PBXBuildFile; fileRef = 65A1383B2195E9A200968D70 /* SettiingViewController.swift */; };
		65A138482195E9A300968D70 /* SettiingPresenter.swift in Sources */ = {isa = PBXBuildFile; fileRef = 65A1383C2195E9A200968D70 /* SettiingPresenter.swift */; };
		8C0A95F32195878600E9BCC0 /* ZJPageTitleView.swift in Sources */ = {isa = PBXBuildFile; fileRef = 8C0A95EF2195878600E9BCC0 /* ZJPageTitleView.swift */; };
		8C0A95F42195878600E9BCC0 /* ZJPageOptions.swift in Sources */ = {isa = PBXBuildFile; fileRef = 8C0A95F02195878600E9BCC0 /* ZJPageOptions.swift */; };
		8C0A95F52195878600E9BCC0 /* ZJBasePageControlCell.swift in Sources */ = {isa = PBXBuildFile; fileRef = 8C0A95F12195878600E9BCC0 /* ZJBasePageControlCell.swift */; };
		8C0A95F62195878600E9BCC0 /* ZJPageContentView.swift in Sources */ = {isa = PBXBuildFile; fileRef = 8C0A95F22195878600E9BCC0 /* ZJPageContentView.swift */; };
		8C0A95F821958AD100E9BCC0 /* OYUtils+theme.swift in Sources */ = {isa = PBXBuildFile; fileRef = 8C0A95F721958AD100E9BCC0 /* OYUtils+theme.swift */; };
		8C0EFCBB218C4137001B470F /* AppDelegate.swift in Sources */ = {isa = PBXBuildFile; fileRef = 8C0EFCBA218C4137001B470F /* AppDelegate.swift */; };
		8C0EFCC0218C4137001B470F /* Main.storyboard in Resources */ = {isa = PBXBuildFile; fileRef = 8C0EFCBE218C4137001B470F /* Main.storyboard */; };
		8C0EFCC2218C4138001B470F /* Assets.xcassets in Resources */ = {isa = PBXBuildFile; fileRef = 8C0EFCC1218C4138001B470F /* Assets.xcassets */; };
		8C0EFCC5218C4138001B470F /* LaunchScreen.storyboard in Resources */ = {isa = PBXBuildFile; fileRef = 8C0EFCC3218C4138001B470F /* LaunchScreen.storyboard */; };
		8C0EFCDE218C4E2C001B470F /* RequestSet.swift in Sources */ = {isa = PBXBuildFile; fileRef = 8C0EFCCE218C4E2C001B470F /* RequestSet.swift */; };
		8C0EFCDF218C4E2C001B470F /* HttpClient.swift in Sources */ = {isa = PBXBuildFile; fileRef = 8C0EFCCF218C4E2C001B470F /* HttpClient.swift */; };
		8C0EFCE0218C4E2C001B470F /* AppInformation.swift in Sources */ = {isa = PBXBuildFile; fileRef = 8C0EFCD3218C4E2C001B470F /* AppInformation.swift */; };
		8C0EFCE1218C4E2C001B470F /* ThemeConfig.swift in Sources */ = {isa = PBXBuildFile; fileRef = 8C0EFCD4218C4E2C001B470F /* ThemeConfig.swift */; };
		8C0EFCE2218C4E2C001B470F /* ServerConfig.swift in Sources */ = {isa = PBXBuildFile; fileRef = 8C0EFCD5218C4E2C001B470F /* ServerConfig.swift */; };
		8C0EFCE3218C4E2C001B470F /* UserDefaultService.swift in Sources */ = {isa = PBXBuildFile; fileRef = 8C0EFCD7218C4E2C001B470F /* UserDefaultService.swift */; };
		8C0EFCE4218C4E2C001B470F /* RequestService.swift in Sources */ = {isa = PBXBuildFile; fileRef = 8C0EFCDB218C4E2C001B470F /* RequestService.swift */; };
		8C1FED8E2193E16D00F23F9D /* Chat.storyboard in Resources */ = {isa = PBXBuildFile; fileRef = 8C1FED8D2193E16D00F23F9D /* Chat.storyboard */; };
		8C1FED9D2193ED6300F23F9D /* OYUtils+Nib.swift in Sources */ = {isa = PBXBuildFile; fileRef = 8C1FED8F2193ED6300F23F9D /* OYUtils+Nib.swift */; };
		8C1FED9E2193ED6300F23F9D /* OYUtils.swift in Sources */ = {isa = PBXBuildFile; fileRef = 8C1FED902193ED6300F23F9D /* OYUtils.swift */; };
		8C1FED9F2193ED6300F23F9D /* OYUtils+Label.swift in Sources */ = {isa = PBXBuildFile; fileRef = 8C1FED912193ED6300F23F9D /* OYUtils+Label.swift */; };
		8C1FEDA02193ED6300F23F9D /* OYUtils+UIImage.swift in Sources */ = {isa = PBXBuildFile; fileRef = 8C1FED922193ED6300F23F9D /* OYUtils+UIImage.swift */; };
		8C1FEDA12193ED6300F23F9D /* OYUtils+CGHelper.swift in Sources */ = {isa = PBXBuildFile; fileRef = 8C1FED932193ED6300F23F9D /* OYUtils+CGHelper.swift */; };
		8C1FEDA22193ED6300F23F9D /* OYUtils+File.swift in Sources */ = {isa = PBXBuildFile; fileRef = 8C1FED942193ED6300F23F9D /* OYUtils+File.swift */; };
		8C1FEDA32193ED6300F23F9D /* OYUtils+AlertViewController.swift in Sources */ = {isa = PBXBuildFile; fileRef = 8C1FED952193ED6300F23F9D /* OYUtils+AlertViewController.swift */; };
		8C1FEDA42193ED6300F23F9D /* OYUtils+Device.swift in Sources */ = {isa = PBXBuildFile; fileRef = 8C1FED962193ED6300F23F9D /* OYUtils+Device.swift */; };
		8C1FEDA62193ED6300F23F9D /* OYUtils+String.swift in Sources */ = {isa = PBXBuildFile; fileRef = 8C1FED982193ED6300F23F9D /* OYUtils+String.swift */; };
		8C1FEDA72193ED6300F23F9D /* OYUtils+Regex.swift in Sources */ = {isa = PBXBuildFile; fileRef = 8C1FED992193ED6300F23F9D /* OYUtils+Regex.swift */; };
		8C1FEDA82193ED6300F23F9D /* OYUtils+Json.swift in Sources */ = {isa = PBXBuildFile; fileRef = 8C1FED9A2193ED6300F23F9D /* OYUtils+Json.swift */; };
		8C1FEDA92193ED6300F23F9D /* OYUtils+Swizzled.swift in Sources */ = {isa = PBXBuildFile; fileRef = 8C1FED9B2193ED6300F23F9D /* OYUtils+Swizzled.swift */; };
		8C1FEDAA2193ED6300F23F9D /* OYUtils+HUD.swift in Sources */ = {isa = PBXBuildFile; fileRef = 8C1FED9C2193ED6300F23F9D /* OYUtils+HUD.swift */; };
		8C1FEDBA2194371F00F23F9D /* IndexPresenter.swift in Sources */ = {isa = PBXBuildFile; fileRef = 8C1FEDB42194371F00F23F9D /* IndexPresenter.swift */; };
		8C1FEDBB2194371F00F23F9D /* IndexRouter.swift in Sources */ = {isa = PBXBuildFile; fileRef = 8C1FEDB52194371F00F23F9D /* IndexRouter.swift */; };
		8C1FEDBC2194371F00F23F9D /* IndexViewController.swift in Sources */ = {isa = PBXBuildFile; fileRef = 8C1FEDB62194371F00F23F9D /* IndexViewController.swift */; };
		8C1FEDBD2194371F00F23F9D /* IndexProtocols.swift in Sources */ = {isa = PBXBuildFile; fileRef = 8C1FEDB72194371F00F23F9D /* IndexProtocols.swift */; };
		8C1FEDBE2194371F00F23F9D /* IndexInteractor.swift in Sources */ = {isa = PBXBuildFile; fileRef = 8C1FEDB82194371F00F23F9D /* IndexInteractor.swift */; };
		8C1FEDC62194374700F23F9D /* ReservationPresenter.swift in Sources */ = {isa = PBXBuildFile; fileRef = 8C1FEDC02194374700F23F9D /* ReservationPresenter.swift */; };
		8C1FEDC72194374700F23F9D /* ReservationRouter.swift in Sources */ = {isa = PBXBuildFile; fileRef = 8C1FEDC12194374700F23F9D /* ReservationRouter.swift */; };
		8C1FEDC82194374700F23F9D /* ReservationViewController.swift in Sources */ = {isa = PBXBuildFile; fileRef = 8C1FEDC22194374700F23F9D /* ReservationViewController.swift */; };
		8C1FEDC92194374700F23F9D /* ReservationProtocols.swift in Sources */ = {isa = PBXBuildFile; fileRef = 8C1FEDC32194374700F23F9D /* ReservationProtocols.swift */; };
		8C1FEDCA2194374700F23F9D /* ReservationInteractor.swift in Sources */ = {isa = PBXBuildFile; fileRef = 8C1FEDC42194374700F23F9D /* ReservationInteractor.swift */; };
		8CA991EB21B6309200AF202B /* ThemeProtocol.swift in Sources */ = {isa = PBXBuildFile; fileRef = 8CA991EA21B6309200AF202B /* ThemeProtocol.swift */; };
		8CA991ED21B631A500AF202B /* ThemeService.swift in Sources */ = {isa = PBXBuildFile; fileRef = 8CA991EC21B631A500AF202B /* ThemeService.swift */; };
		8CA991EF21B6325A00AF202B /* ThemeOptions.swift in Sources */ = {isa = PBXBuildFile; fileRef = 8CA991EE21B6325A00AF202B /* ThemeOptions.swift */; };
		8CA991F121B637B200AF202B /* ThemeService+Swizzled.swift in Sources */ = {isa = PBXBuildFile; fileRef = 8CA991F021B637B200AF202B /* ThemeService+Swizzled.swift */; };
		8CA991F421B6653F00AF202B /* ViewController+AssociatedObject.swift in Sources */ = {isa = PBXBuildFile; fileRef = 8CA991F321B6653F00AF202B /* ViewController+AssociatedObject.swift */; };
		8CA991F621B675CF00AF202B /* ThemeService+AssociatedObject.swift in Sources */ = {isa = PBXBuildFile; fileRef = 8CA991F521B675CF00AF202B /* ThemeService+AssociatedObject.swift */; };
		8CCA663D21AF8ED600D069FF /* OYUtils+ImageView.swift in Sources */ = {isa = PBXBuildFile; fileRef = 8CCA663C21AF8ED600D069FF /* OYUtils+ImageView.swift */; };
		8CEE66272192D4BA00E94945 /* ConversationListPresenter.swift in Sources */ = {isa = PBXBuildFile; fileRef = 8CEE66212192D4BA00E94945 /* ConversationListPresenter.swift */; };
		8CEE66282192D4BA00E94945 /* ConversationListRouter.swift in Sources */ = {isa = PBXBuildFile; fileRef = 8CEE66222192D4BA00E94945 /* ConversationListRouter.swift */; };
		8CEE66292192D4BA00E94945 /* ConversationListViewController.swift in Sources */ = {isa = PBXBuildFile; fileRef = 8CEE66232192D4BA00E94945 /* ConversationListViewController.swift */; };
		8CEE662A2192D4BA00E94945 /* ConversationListProtocols.swift in Sources */ = {isa = PBXBuildFile; fileRef = 8CEE66242192D4BA00E94945 /* ConversationListProtocols.swift */; };
		8CEE662B2192D4BA00E94945 /* ConversationListInteractor.swift in Sources */ = {isa = PBXBuildFile; fileRef = 8CEE66252192D4BA00E94945 /* ConversationListInteractor.swift */; };
		8CEE662F2192D7AE00E94945 /* ConversationListCell.swift in Sources */ = {isa = PBXBuildFile; fileRef = 8CEE662E2192D7AE00E94945 /* ConversationListCell.swift */; };
		8CEE663B2192DAF900E94945 /* SectionModelType.swift in Sources */ = {isa = PBXBuildFile; fileRef = 8CEE66322192DAF900E94945 /* SectionModelType.swift */; };
		8CEE663C2192DAF900E94945 /* SectionModel.swift in Sources */ = {isa = PBXBuildFile; fileRef = 8CEE66332192DAF900E94945 /* SectionModel.swift */; };
		8CEE663D2192DAF900E94945 /* TableView+CacheInvalidation.swift in Sources */ = {isa = PBXBuildFile; fileRef = 8CEE66342192DAF900E94945 /* TableView+CacheInvalidation.swift */; };
		8CEE663E2192DAF900E94945 /* RowModelType.swift in Sources */ = {isa = PBXBuildFile; fileRef = 8CEE66352192DAF900E94945 /* RowModelType.swift */; };
		8CEE663F2192DAF900E94945 /* RowModel.swift in Sources */ = {isa = PBXBuildFile; fileRef = 8CEE66362192DAF900E94945 /* RowModel.swift */; };
		8CEE66402192DAF900E94945 /* Calculate.swift in Sources */ = {isa = PBXBuildFile; fileRef = 8CEE66372192DAF900E94945 /* Calculate.swift */; };
		8CEE66412192DAF900E94945 /* TableViewConfiguration.swift in Sources */ = {isa = PBXBuildFile; fileRef = 8CEE66382192DAF900E94945 /* TableViewConfiguration.swift */; };
		8CEE66422192DAF900E94945 /* IndexPathHeightCache.swift in Sources */ = {isa = PBXBuildFile; fileRef = 8CEE66392192DAF900E94945 /* IndexPathHeightCache.swift */; };
		8CFAAAC621904AA3001B7AFD /* MainPresenter.swift in Sources */ = {isa = PBXBuildFile; fileRef = 8CFAAAC021904AA3001B7AFD /* MainPresenter.swift */; };
		8CFAAAC721904AA3001B7AFD /* MainRouter.swift in Sources */ = {isa = PBXBuildFile; fileRef = 8CFAAAC121904AA3001B7AFD /* MainRouter.swift */; };
		8CFAAAC821904AA3001B7AFD /* MainViewController.swift in Sources */ = {isa = PBXBuildFile; fileRef = 8CFAAAC221904AA3001B7AFD /* MainViewController.swift */; };
		8CFAAAC921904AA3001B7AFD /* MainProtocols.swift in Sources */ = {isa = PBXBuildFile; fileRef = 8CFAAAC321904AA3001B7AFD /* MainProtocols.swift */; };
		8CFAAACA21904AA3001B7AFD /* MainInteractor.swift in Sources */ = {isa = PBXBuildFile; fileRef = 8CFAAAC421904AA3001B7AFD /* MainInteractor.swift */; };
		94486F0D5295ECECD4C3ABA9 /* Pods_BodyBuild.framework in Frameworks */ = {isa = PBXBuildFile; fileRef = D82ABAE9E4E54746584209D0 /* Pods_BodyBuild.framework */; };
/* End PBXBuildFile section */

/* Begin PBXFileReference section */
		313B88B1ECB6A5EF5DB94DCA /* Pods-BodyBuild.debug.xcconfig */ = {isa = PBXFileReference; includeInIndex = 1; lastKnownFileType = text.xcconfig; name = "Pods-BodyBuild.debug.xcconfig"; path = "Pods/Target Support Files/Pods-BodyBuild/Pods-BodyBuild.debug.xcconfig"; sourceTree = "<group>"; };
		65A1380321932A6F00968D70 /* MePresenter.swift */ = {isa = PBXFileReference; lastKnownFileType = sourcecode.swift; path = MePresenter.swift; sourceTree = "<group>"; };
		65A1380421932A6F00968D70 /* MeRouter.swift */ = {isa = PBXFileReference; lastKnownFileType = sourcecode.swift; path = MeRouter.swift; sourceTree = "<group>"; };
		65A1380521932A6F00968D70 /* MeViewController.swift */ = {isa = PBXFileReference; lastKnownFileType = sourcecode.swift; path = MeViewController.swift; sourceTree = "<group>"; };
		65A1380621932A6F00968D70 /* MeProtocols.swift */ = {isa = PBXFileReference; lastKnownFileType = sourcecode.swift; path = MeProtocols.swift; sourceTree = "<group>"; };
		65A1380721932A6F00968D70 /* MeInteractor.swift */ = {isa = PBXFileReference; lastKnownFileType = sourcecode.swift; path = MeInteractor.swift; sourceTree = "<group>"; };
		65A1382E2195E9A200968D70 /* Login.storyboard */ = {isa = PBXFileReference; fileEncoding = 4; lastKnownFileType = file.storyboard; path = Login.storyboard; sourceTree = "<group>"; };
		65A138302195E9A200968D70 /* LoginInteractor.swift */ = {isa = PBXFileReference; fileEncoding = 4; lastKnownFileType = sourcecode.swift; path = LoginInteractor.swift; sourceTree = "<group>"; };
		65A138312195E9A200968D70 /* LoginViewController.swift */ = {isa = PBXFileReference; fileEncoding = 4; lastKnownFileType = sourcecode.swift; path = LoginViewController.swift; sourceTree = "<group>"; };
		65A138322195E9A200968D70 /* LoginProtocols.swift */ = {isa = PBXFileReference; fileEncoding = 4; lastKnownFileType = sourcecode.swift; path = LoginProtocols.swift; sourceTree = "<group>"; };
		65A138332195E9A200968D70 /* LoginPresenter.swift */ = {isa = PBXFileReference; fileEncoding = 4; lastKnownFileType = sourcecode.swift; path = LoginPresenter.swift; sourceTree = "<group>"; };
		65A138342195E9A200968D70 /* LoginRouter.swift */ = {isa = PBXFileReference; fileEncoding = 4; lastKnownFileType = sourcecode.swift; path = LoginRouter.swift; sourceTree = "<group>"; };
		65A138362195E9A200968D70 /* Settings.storyboard */ = {isa = PBXFileReference; fileEncoding = 4; lastKnownFileType = file.storyboard; path = Settings.storyboard; sourceTree = "<group>"; };
		65A138382195E9A200968D70 /* SettiingRouter.swift */ = {isa = PBXFileReference; fileEncoding = 4; lastKnownFileType = sourcecode.swift; path = SettiingRouter.swift; sourceTree = "<group>"; };
		65A138392195E9A200968D70 /* SettiingInteractor.swift */ = {isa = PBXFileReference; fileEncoding = 4; lastKnownFileType = sourcecode.swift; path = SettiingInteractor.swift; sourceTree = "<group>"; };
		65A1383A2195E9A200968D70 /* SettiingProtocols.swift */ = {isa = PBXFileReference; fileEncoding = 4; lastKnownFileType = sourcecode.swift; path = SettiingProtocols.swift; sourceTree = "<group>"; };
		65A1383B2195E9A200968D70 /* SettiingViewController.swift */ = {isa = PBXFileReference; fileEncoding = 4; lastKnownFileType = sourcecode.swift; path = SettiingViewController.swift; sourceTree = "<group>"; };
		65A1383C2195E9A200968D70 /* SettiingPresenter.swift */ = {isa = PBXFileReference; fileEncoding = 4; lastKnownFileType = sourcecode.swift; path = SettiingPresenter.swift; sourceTree = "<group>"; };
		66E33F9AF3BC90A948B14AFB /* Pods-BodyBuild.release.xcconfig */ = {isa = PBXFileReference; includeInIndex = 1; lastKnownFileType = text.xcconfig; name = "Pods-BodyBuild.release.xcconfig"; path = "Pods/Target Support Files/Pods-BodyBuild/Pods-BodyBuild.release.xcconfig"; sourceTree = "<group>"; };
		8C0A95EF2195878600E9BCC0 /* ZJPageTitleView.swift */ = {isa = PBXFileReference; fileEncoding = 4; lastKnownFileType = sourcecode.swift; path = ZJPageTitleView.swift; sourceTree = "<group>"; };
		8C0A95F02195878600E9BCC0 /* ZJPageOptions.swift */ = {isa = PBXFileReference; fileEncoding = 4; lastKnownFileType = sourcecode.swift; path = ZJPageOptions.swift; sourceTree = "<group>"; };
		8C0A95F12195878600E9BCC0 /* ZJBasePageControlCell.swift */ = {isa = PBXFileReference; fileEncoding = 4; lastKnownFileType = sourcecode.swift; path = ZJBasePageControlCell.swift; sourceTree = "<group>"; };
		8C0A95F22195878600E9BCC0 /* ZJPageContentView.swift */ = {isa = PBXFileReference; fileEncoding = 4; lastKnownFileType = sourcecode.swift; path = ZJPageContentView.swift; sourceTree = "<group>"; };
		8C0A95F721958AD100E9BCC0 /* OYUtils+theme.swift */ = {isa = PBXFileReference; lastKnownFileType = sourcecode.swift; path = "OYUtils+theme.swift"; sourceTree = "<group>"; };
		8C0EFCB7218C4137001B470F /* BodyBuild.app */ = {isa = PBXFileReference; explicitFileType = wrapper.application; includeInIndex = 0; path = BodyBuild.app; sourceTree = BUILT_PRODUCTS_DIR; };
		8C0EFCBA218C4137001B470F /* AppDelegate.swift */ = {isa = PBXFileReference; lastKnownFileType = sourcecode.swift; path = AppDelegate.swift; sourceTree = "<group>"; };
		8C0EFCBF218C4137001B470F /* Base */ = {isa = PBXFileReference; lastKnownFileType = file.storyboard; name = Base; path = Base.lproj/Main.storyboard; sourceTree = "<group>"; };
		8C0EFCC1218C4138001B470F /* Assets.xcassets */ = {isa = PBXFileReference; lastKnownFileType = folder.assetcatalog; path = Assets.xcassets; sourceTree = "<group>"; };
		8C0EFCC4218C4138001B470F /* Base */ = {isa = PBXFileReference; lastKnownFileType = file.storyboard; name = Base; path = Base.lproj/LaunchScreen.storyboard; sourceTree = "<group>"; };
		8C0EFCC6218C4138001B470F /* Info.plist */ = {isa = PBXFileReference; lastKnownFileType = text.plist.xml; path = Info.plist; sourceTree = "<group>"; };
		8C0EFCCE218C4E2C001B470F /* RequestSet.swift */ = {isa = PBXFileReference; fileEncoding = 4; lastKnownFileType = sourcecode.swift; path = RequestSet.swift; sourceTree = "<group>"; };
		8C0EFCCF218C4E2C001B470F /* HttpClient.swift */ = {isa = PBXFileReference; fileEncoding = 4; lastKnownFileType = sourcecode.swift; path = HttpClient.swift; sourceTree = "<group>"; };
		8C0EFCD3218C4E2C001B470F /* AppInformation.swift */ = {isa = PBXFileReference; fileEncoding = 4; lastKnownFileType = sourcecode.swift; path = AppInformation.swift; sourceTree = "<group>"; };
		8C0EFCD4218C4E2C001B470F /* ThemeConfig.swift */ = {isa = PBXFileReference; fileEncoding = 4; lastKnownFileType = sourcecode.swift; path = ThemeConfig.swift; sourceTree = "<group>"; };
		8C0EFCD5218C4E2C001B470F /* ServerConfig.swift */ = {isa = PBXFileReference; fileEncoding = 4; lastKnownFileType = sourcecode.swift; path = ServerConfig.swift; sourceTree = "<group>"; };
		8C0EFCD7218C4E2C001B470F /* UserDefaultService.swift */ = {isa = PBXFileReference; fileEncoding = 4; lastKnownFileType = sourcecode.swift; path = UserDefaultService.swift; sourceTree = "<group>"; };
		8C0EFCDB218C4E2C001B470F /* RequestService.swift */ = {isa = PBXFileReference; fileEncoding = 4; lastKnownFileType = sourcecode.swift; path = RequestService.swift; sourceTree = "<group>"; };
		8C1FED8D2193E16D00F23F9D /* Chat.storyboard */ = {isa = PBXFileReference; lastKnownFileType = file.storyboard; path = Chat.storyboard; sourceTree = "<group>"; };
		8C1FED8F2193ED6300F23F9D /* OYUtils+Nib.swift */ = {isa = PBXFileReference; fileEncoding = 4; lastKnownFileType = sourcecode.swift; path = "OYUtils+Nib.swift"; sourceTree = "<group>"; };
		8C1FED902193ED6300F23F9D /* OYUtils.swift */ = {isa = PBXFileReference; fileEncoding = 4; lastKnownFileType = sourcecode.swift; path = OYUtils.swift; sourceTree = "<group>"; };
		8C1FED912193ED6300F23F9D /* OYUtils+Label.swift */ = {isa = PBXFileReference; fileEncoding = 4; lastKnownFileType = sourcecode.swift; path = "OYUtils+Label.swift"; sourceTree = "<group>"; };
		8C1FED922193ED6300F23F9D /* OYUtils+UIImage.swift */ = {isa = PBXFileReference; fileEncoding = 4; lastKnownFileType = sourcecode.swift; path = "OYUtils+UIImage.swift"; sourceTree = "<group>"; };
		8C1FED932193ED6300F23F9D /* OYUtils+CGHelper.swift */ = {isa = PBXFileReference; fileEncoding = 4; lastKnownFileType = sourcecode.swift; path = "OYUtils+CGHelper.swift"; sourceTree = "<group>"; };
		8C1FED942193ED6300F23F9D /* OYUtils+File.swift */ = {isa = PBXFileReference; fileEncoding = 4; lastKnownFileType = sourcecode.swift; path = "OYUtils+File.swift"; sourceTree = "<group>"; };
		8C1FED952193ED6300F23F9D /* OYUtils+AlertViewController.swift */ = {isa = PBXFileReference; fileEncoding = 4; lastKnownFileType = sourcecode.swift; path = "OYUtils+AlertViewController.swift"; sourceTree = "<group>"; };
		8C1FED962193ED6300F23F9D /* OYUtils+Device.swift */ = {isa = PBXFileReference; fileEncoding = 4; lastKnownFileType = sourcecode.swift; path = "OYUtils+Device.swift"; sourceTree = "<group>"; };
		8C1FED982193ED6300F23F9D /* OYUtils+String.swift */ = {isa = PBXFileReference; fileEncoding = 4; lastKnownFileType = sourcecode.swift; path = "OYUtils+String.swift"; sourceTree = "<group>"; };
		8C1FED992193ED6300F23F9D /* OYUtils+Regex.swift */ = {isa = PBXFileReference; fileEncoding = 4; lastKnownFileType = sourcecode.swift; path = "OYUtils+Regex.swift"; sourceTree = "<group>"; };
		8C1FED9A2193ED6300F23F9D /* OYUtils+Json.swift */ = {isa = PBXFileReference; fileEncoding = 4; lastKnownFileType = sourcecode.swift; path = "OYUtils+Json.swift"; sourceTree = "<group>"; };
		8C1FED9B2193ED6300F23F9D /* OYUtils+Swizzled.swift */ = {isa = PBXFileReference; fileEncoding = 4; lastKnownFileType = sourcecode.swift; path = "OYUtils+Swizzled.swift"; sourceTree = "<group>"; };
		8C1FED9C2193ED6300F23F9D /* OYUtils+HUD.swift */ = {isa = PBXFileReference; fileEncoding = 4; lastKnownFileType = sourcecode.swift; path = "OYUtils+HUD.swift"; sourceTree = "<group>"; };
		8C1FEDAB2193EDAD00F23F9D /* BodyBuild-Bridging-Header.h */ = {isa = PBXFileReference; lastKnownFileType = sourcecode.c.h; path = "BodyBuild-Bridging-Header.h"; sourceTree = "<group>"; };
		8C1FEDB42194371F00F23F9D /* IndexPresenter.swift */ = {isa = PBXFileReference; lastKnownFileType = sourcecode.swift; path = IndexPresenter.swift; sourceTree = "<group>"; };
		8C1FEDB52194371F00F23F9D /* IndexRouter.swift */ = {isa = PBXFileReference; lastKnownFileType = sourcecode.swift; path = IndexRouter.swift; sourceTree = "<group>"; };
		8C1FEDB62194371F00F23F9D /* IndexViewController.swift */ = {isa = PBXFileReference; lastKnownFileType = sourcecode.swift; path = IndexViewController.swift; sourceTree = "<group>"; };
		8C1FEDB72194371F00F23F9D /* IndexProtocols.swift */ = {isa = PBXFileReference; lastKnownFileType = sourcecode.swift; path = IndexProtocols.swift; sourceTree = "<group>"; };
		8C1FEDB82194371F00F23F9D /* IndexInteractor.swift */ = {isa = PBXFileReference; lastKnownFileType = sourcecode.swift; path = IndexInteractor.swift; sourceTree = "<group>"; };
		8C1FEDC02194374700F23F9D /* ReservationPresenter.swift */ = {isa = PBXFileReference; lastKnownFileType = sourcecode.swift; path = ReservationPresenter.swift; sourceTree = "<group>"; };
		8C1FEDC12194374700F23F9D /* ReservationRouter.swift */ = {isa = PBXFileReference; lastKnownFileType = sourcecode.swift; path = ReservationRouter.swift; sourceTree = "<group>"; };
		8C1FEDC22194374700F23F9D /* ReservationViewController.swift */ = {isa = PBXFileReference; lastKnownFileType = sourcecode.swift; path = ReservationViewController.swift; sourceTree = "<group>"; };
		8C1FEDC32194374700F23F9D /* ReservationProtocols.swift */ = {isa = PBXFileReference; lastKnownFileType = sourcecode.swift; path = ReservationProtocols.swift; sourceTree = "<group>"; };
		8C1FEDC42194374700F23F9D /* ReservationInteractor.swift */ = {isa = PBXFileReference; lastKnownFileType = sourcecode.swift; path = ReservationInteractor.swift; sourceTree = "<group>"; };
		8CA991EA21B6309200AF202B /* ThemeProtocol.swift */ = {isa = PBXFileReference; lastKnownFileType = sourcecode.swift; path = ThemeProtocol.swift; sourceTree = "<group>"; };
		8CA991EC21B631A500AF202B /* ThemeService.swift */ = {isa = PBXFileReference; lastKnownFileType = sourcecode.swift; path = ThemeService.swift; sourceTree = "<group>"; };
		8CA991EE21B6325A00AF202B /* ThemeOptions.swift */ = {isa = PBXFileReference; lastKnownFileType = sourcecode.swift; path = ThemeOptions.swift; sourceTree = "<group>"; };
		8CA991F021B637B200AF202B /* ThemeService+Swizzled.swift */ = {isa = PBXFileReference; lastKnownFileType = sourcecode.swift; path = "ThemeService+Swizzled.swift"; sourceTree = "<group>"; };
		8CA991F321B6653F00AF202B /* ViewController+AssociatedObject.swift */ = {isa = PBXFileReference; fileEncoding = 4; lastKnownFileType = sourcecode.swift; path = "ViewController+AssociatedObject.swift"; sourceTree = "<group>"; };
		8CA991F521B675CF00AF202B /* ThemeService+AssociatedObject.swift */ = {isa = PBXFileReference; lastKnownFileType = sourcecode.swift; path = "ThemeService+AssociatedObject.swift"; sourceTree = "<group>"; };
		8CCA663C21AF8ED600D069FF /* OYUtils+ImageView.swift */ = {isa = PBXFileReference; fileEncoding = 4; lastKnownFileType = sourcecode.swift; path = "OYUtils+ImageView.swift"; sourceTree = "<group>"; };
		8CEE66212192D4BA00E94945 /* ConversationListPresenter.swift */ = {isa = PBXFileReference; lastKnownFileType = sourcecode.swift; path = ConversationListPresenter.swift; sourceTree = "<group>"; };
		8CEE66222192D4BA00E94945 /* ConversationListRouter.swift */ = {isa = PBXFileReference; lastKnownFileType = sourcecode.swift; path = ConversationListRouter.swift; sourceTree = "<group>"; };
		8CEE66232192D4BA00E94945 /* ConversationListViewController.swift */ = {isa = PBXFileReference; lastKnownFileType = sourcecode.swift; path = ConversationListViewController.swift; sourceTree = "<group>"; };
		8CEE66242192D4BA00E94945 /* ConversationListProtocols.swift */ = {isa = PBXFileReference; lastKnownFileType = sourcecode.swift; path = ConversationListProtocols.swift; sourceTree = "<group>"; };
		8CEE66252192D4BA00E94945 /* ConversationListInteractor.swift */ = {isa = PBXFileReference; lastKnownFileType = sourcecode.swift; path = ConversationListInteractor.swift; sourceTree = "<group>"; };
		8CEE662E2192D7AE00E94945 /* ConversationListCell.swift */ = {isa = PBXFileReference; lastKnownFileType = sourcecode.swift; path = ConversationListCell.swift; sourceTree = "<group>"; };
		8CEE66322192DAF900E94945 /* SectionModelType.swift */ = {isa = PBXFileReference; fileEncoding = 4; lastKnownFileType = sourcecode.swift; path = SectionModelType.swift; sourceTree = "<group>"; };
		8CEE66332192DAF900E94945 /* SectionModel.swift */ = {isa = PBXFileReference; fileEncoding = 4; lastKnownFileType = sourcecode.swift; path = SectionModel.swift; sourceTree = "<group>"; };
		8CEE66342192DAF900E94945 /* TableView+CacheInvalidation.swift */ = {isa = PBXFileReference; fileEncoding = 4; lastKnownFileType = sourcecode.swift; path = "TableView+CacheInvalidation.swift"; sourceTree = "<group>"; };
		8CEE66352192DAF900E94945 /* RowModelType.swift */ = {isa = PBXFileReference; fileEncoding = 4; lastKnownFileType = sourcecode.swift; path = RowModelType.swift; sourceTree = "<group>"; };
		8CEE66362192DAF900E94945 /* RowModel.swift */ = {isa = PBXFileReference; fileEncoding = 4; lastKnownFileType = sourcecode.swift; path = RowModel.swift; sourceTree = "<group>"; };
		8CEE66372192DAF900E94945 /* Calculate.swift */ = {isa = PBXFileReference; fileEncoding = 4; lastKnownFileType = sourcecode.swift; path = Calculate.swift; sourceTree = "<group>"; };
		8CEE66382192DAF900E94945 /* TableViewConfiguration.swift */ = {isa = PBXFileReference; fileEncoding = 4; lastKnownFileType = sourcecode.swift; path = TableViewConfiguration.swift; sourceTree = "<group>"; };
		8CEE66392192DAF900E94945 /* IndexPathHeightCache.swift */ = {isa = PBXFileReference; fileEncoding = 4; lastKnownFileType = sourcecode.swift; path = IndexPathHeightCache.swift; sourceTree = "<group>"; };
		8CFAAAC021904AA3001B7AFD /* MainPresenter.swift */ = {isa = PBXFileReference; lastKnownFileType = sourcecode.swift; path = MainPresenter.swift; sourceTree = "<group>"; };
		8CFAAAC121904AA3001B7AFD /* MainRouter.swift */ = {isa = PBXFileReference; lastKnownFileType = sourcecode.swift; path = MainRouter.swift; sourceTree = "<group>"; };
		8CFAAAC221904AA3001B7AFD /* MainViewController.swift */ = {isa = PBXFileReference; lastKnownFileType = sourcecode.swift; path = MainViewController.swift; sourceTree = "<group>"; };
		8CFAAAC321904AA3001B7AFD /* MainProtocols.swift */ = {isa = PBXFileReference; lastKnownFileType = sourcecode.swift; path = MainProtocols.swift; sourceTree = "<group>"; };
		8CFAAAC421904AA3001B7AFD /* MainInteractor.swift */ = {isa = PBXFileReference; lastKnownFileType = sourcecode.swift; path = MainInteractor.swift; sourceTree = "<group>"; };
		D82ABAE9E4E54746584209D0 /* Pods_BodyBuild.framework */ = {isa = PBXFileReference; explicitFileType = wrapper.framework; includeInIndex = 0; path = Pods_BodyBuild.framework; sourceTree = BUILT_PRODUCTS_DIR; };
/* End PBXFileReference section */

/* Begin PBXFrameworksBuildPhase section */
		8C0EFCB4218C4137001B470F /* Frameworks */ = {
			isa = PBXFrameworksBuildPhase;
			buildActionMask = 2147483647;
			files = (
				94486F0D5295ECECD4C3ABA9 /* Pods_BodyBuild.framework in Frameworks */,
			);
			runOnlyForDeploymentPostprocessing = 0;
		};
/* End PBXFrameworksBuildPhase section */

/* Begin PBXGroup section */
		054071A35DB768D3D9B04B17 /* Frameworks */ = {
			isa = PBXGroup;
			children = (
				D82ABAE9E4E54746584209D0 /* Pods_BodyBuild.framework */,
			);
			name = Frameworks;
			sourceTree = "<group>";
		};
		65A1380221932A5E00968D70 /* Me */ = {
			isa = PBXGroup;
			children = (
				65A1380321932A6F00968D70 /* MePresenter.swift */,
				65A1380421932A6F00968D70 /* MeRouter.swift */,
				65A1380521932A6F00968D70 /* MeViewController.swift */,
				65A1380621932A6F00968D70 /* MeProtocols.swift */,
				65A1380721932A6F00968D70 /* MeInteractor.swift */,
			);
			path = Me;
			sourceTree = "<group>";
		};
		65A1382D2195E9A200968D70 /* LoginModule */ = {
			isa = PBXGroup;
			children = (
				65A1382E2195E9A200968D70 /* Login.storyboard */,
				65A1382F2195E9A200968D70 /* Login */,
			);
			path = LoginModule;
			sourceTree = "<group>";
		};
		65A1382F2195E9A200968D70 /* Login */ = {
			isa = PBXGroup;
			children = (
				65A138302195E9A200968D70 /* LoginInteractor.swift */,
				65A138312195E9A200968D70 /* LoginViewController.swift */,
				65A138322195E9A200968D70 /* LoginProtocols.swift */,
				65A138332195E9A200968D70 /* LoginPresenter.swift */,
				65A138342195E9A200968D70 /* LoginRouter.swift */,
			);
			path = Login;
			sourceTree = "<group>";
		};
		65A138352195E9A200968D70 /* Settings */ = {
			isa = PBXGroup;
			children = (
				65A138362195E9A200968D70 /* Settings.storyboard */,
				65A138372195E9A200968D70 /* Setting */,
			);
			path = Settings;
			sourceTree = "<group>";
		};
		65A138372195E9A200968D70 /* Setting */ = {
			isa = PBXGroup;
			children = (
				65A138382195E9A200968D70 /* SettiingRouter.swift */,
				65A138392195E9A200968D70 /* SettiingInteractor.swift */,
				65A1383A2195E9A200968D70 /* SettiingProtocols.swift */,
				65A1383B2195E9A200968D70 /* SettiingViewController.swift */,
				65A1383C2195E9A200968D70 /* SettiingPresenter.swift */,
			);
			path = Setting;
			sourceTree = "<group>";
		};
		8C0A95ED2195878600E9BCC0 /* CustomViews */ = {
			isa = PBXGroup;
			children = (
				8C0A95EE2195878600E9BCC0 /* ZJPageView */,
			);
			path = CustomViews;
			sourceTree = "<group>";
		};
		8C0A95EE2195878600E9BCC0 /* ZJPageView */ = {
			isa = PBXGroup;
			children = (
				8C0A95EF2195878600E9BCC0 /* ZJPageTitleView.swift */,
				8C0A95F02195878600E9BCC0 /* ZJPageOptions.swift */,
				8C0A95F12195878600E9BCC0 /* ZJBasePageControlCell.swift */,
				8C0A95F22195878600E9BCC0 /* ZJPageContentView.swift */,
			);
			path = ZJPageView;
			sourceTree = "<group>";
		};
		8C0EFCAE218C4137001B470F = {
			isa = PBXGroup;
			children = (
				8C0EFCB9218C4137001B470F /* BodyBuild */,
				8C0EFCB8218C4137001B470F /* Products */,
				8CEE66302192DAF900E94945 /* Vendor */,
				8E4B9EE1D010018E1923704C /* Pods */,
				054071A35DB768D3D9B04B17 /* Frameworks */,
			);
			sourceTree = "<group>";
		};
		8C0EFCB8218C4137001B470F /* Products */ = {
			isa = PBXGroup;
			children = (
				8C0EFCB7218C4137001B470F /* BodyBuild.app */,
			);
			name = Products;
			sourceTree = "<group>";
		};
		8C0EFCB9218C4137001B470F /* BodyBuild */ = {
			isa = PBXGroup;
			children = (
				8C0EFCCC218C4E2C001B470F /* PersistentAPIs */,
				8C0EFCD1218C4E2C001B470F /* Services */,
				8CFAAAB1219027A5001B7AFD /* Modules */,
				8CEE663A2192DAF900E94945 /* Utility */,
				8C0A95ED2195878600E9BCC0 /* CustomViews */,
				8C0EFCBA218C4137001B470F /* AppDelegate.swift */,
				8C0EFCBE218C4137001B470F /* Main.storyboard */,
				8C0EFCC1218C4138001B470F /* Assets.xcassets */,
				8C0EFCC3218C4138001B470F /* LaunchScreen.storyboard */,
				8C0EFCC6218C4138001B470F /* Info.plist */,
				8C1FEDAB2193EDAD00F23F9D /* BodyBuild-Bridging-Header.h */,
			);
			path = BodyBuild;
			sourceTree = "<group>";
		};
		8C0EFCCC218C4E2C001B470F /* PersistentAPIs */ = {
			isa = PBXGroup;
			children = (
				8C0EFCCD218C4E2C001B470F /* HTTP */,
			);
			path = PersistentAPIs;
			sourceTree = "<group>";
		};
		8C0EFCCD218C4E2C001B470F /* HTTP */ = {
			isa = PBXGroup;
			children = (
				8C0EFCCE218C4E2C001B470F /* RequestSet.swift */,
				8C0EFCCF218C4E2C001B470F /* HttpClient.swift */,
			);
			path = HTTP;
			sourceTree = "<group>";
		};
		8C0EFCD1218C4E2C001B470F /* Services */ = {
			isa = PBXGroup;
			children = (
				8CA991E921B6306F00AF202B /* ThemeService */,
				8C0EFCD2218C4E2C001B470F /* Configuration */,
				8C0EFCD6218C4E2C001B470F /* UserDefaultService */,
				8C0EFCD8218C4E2C001B470F /* Protocol */,
				8C0EFCD9218C4E2C001B470F /* Model */,
				8C0EFCDA218C4E2C001B470F /* RequestService */,
			);
			path = Services;
			sourceTree = "<group>";
		};
		8C0EFCD2218C4E2C001B470F /* Configuration */ = {
			isa = PBXGroup;
			children = (
				8C0EFCD3218C4E2C001B470F /* AppInformation.swift */,
				8C0EFCD4218C4E2C001B470F /* ThemeConfig.swift */,
				8C0EFCD5218C4E2C001B470F /* ServerConfig.swift */,
			);
			path = Configuration;
			sourceTree = "<group>";
		};
		8C0EFCD6218C4E2C001B470F /* UserDefaultService */ = {
			isa = PBXGroup;
			children = (
				8C0EFCD7218C4E2C001B470F /* UserDefaultService.swift */,
			);
			path = UserDefaultService;
			sourceTree = "<group>";
		};
		8C0EFCD8218C4E2C001B470F /* Protocol */ = {
			isa = PBXGroup;
			children = (
			);
			path = Protocol;
			sourceTree = "<group>";
		};
		8C0EFCD9218C4E2C001B470F /* Model */ = {
			isa = PBXGroup;
			children = (
			);
			path = Model;
			sourceTree = "<group>";
		};
		8C0EFCDA218C4E2C001B470F /* RequestService */ = {
			isa = PBXGroup;
			children = (
				8C0EFCDB218C4E2C001B470F /* RequestService.swift */,
			);
			path = RequestService;
			sourceTree = "<group>";
		};
		8C1FEDB22194367700F23F9D /* Reservation */ = {
			isa = PBXGroup;
			children = (
				8C1FEDC02194374700F23F9D /* ReservationPresenter.swift */,
				8C1FEDC12194374700F23F9D /* ReservationRouter.swift */,
				8C1FEDC22194374700F23F9D /* ReservationViewController.swift */,
				8C1FEDC32194374700F23F9D /* ReservationProtocols.swift */,
				8C1FEDC42194374700F23F9D /* ReservationInteractor.swift */,
			);
			path = Reservation;
			sourceTree = "<group>";
		};
		8C1FEDB32194367700F23F9D /* Index */ = {
			isa = PBXGroup;
			children = (
				8C1FEDB42194371F00F23F9D /* IndexPresenter.swift */,
				8C1FEDB52194371F00F23F9D /* IndexRouter.swift */,
				8C1FEDB62194371F00F23F9D /* IndexViewController.swift */,
				8C1FEDB72194371F00F23F9D /* IndexProtocols.swift */,
				8C1FEDB82194371F00F23F9D /* IndexInteractor.swift */,
			);
			path = Index;
			sourceTree = "<group>";
		};
		8CA991E921B6306F00AF202B /* ThemeService */ = {
			isa = PBXGroup;
			children = (
				8CA991EA21B6309200AF202B /* ThemeProtocol.swift */,
				8CA991EE21B6325A00AF202B /* ThemeOptions.swift */,
				8CA991EC21B631A500AF202B /* ThemeService.swift */,
				8CA991F021B637B200AF202B /* ThemeService+Swizzled.swift */,
				8CA991F521B675CF00AF202B /* ThemeService+AssociatedObject.swift */,
			);
			name = ThemeService;
			path = Configuration/ThemeService;
			sourceTree = "<group>";
		};
		8CA991F221B6651200AF202B /* BaseVCEnable */ = {
			isa = PBXGroup;
			children = (
				8CA991F321B6653F00AF202B /* ViewController+AssociatedObject.swift */,
			);
			path = BaseVCEnable;
			sourceTree = "<group>";
		};
		8CEE661E2192D49800E94945 /* Chat */ = {
			isa = PBXGroup;
			children = (
				8CEE661F2192D49800E94945 /* ChatSession */,
				8CEE66202192D49800E94945 /* ConversationList */,
				8C1FED8D2193E16D00F23F9D /* Chat.storyboard */,
			);
			path = Chat;
			sourceTree = "<group>";
		};
		8CEE661F2192D49800E94945 /* ChatSession */ = {
			isa = PBXGroup;
			children = (
			);
			path = ChatSession;
			sourceTree = "<group>";
		};
		8CEE66202192D49800E94945 /* ConversationList */ = {
			isa = PBXGroup;
			children = (
				8CEE662D2192D78C00E94945 /* Cells */,
				8CEE66232192D4BA00E94945 /* ConversationListViewController.swift */,
				8CEE66212192D4BA00E94945 /* ConversationListPresenter.swift */,
				8CEE66252192D4BA00E94945 /* ConversationListInteractor.swift */,
				8CEE66222192D4BA00E94945 /* ConversationListRouter.swift */,
				8CEE66242192D4BA00E94945 /* ConversationListProtocols.swift */,
			);
			path = ConversationList;
			sourceTree = "<group>";
		};
		8CEE662D2192D78C00E94945 /* Cells */ = {
			isa = PBXGroup;
			children = (
				8CEE662E2192D7AE00E94945 /* ConversationListCell.swift */,
			);
			path = Cells;
			sourceTree = "<group>";
		};
		8CEE66302192DAF900E94945 /* Vendor */ = {
			isa = PBXGroup;
			children = (
				8CEE66312192DAF900E94945 /* OptiTableView */,
			);
			path = Vendor;
			sourceTree = "<group>";
		};
		8CEE66312192DAF900E94945 /* OptiTableView */ = {
			isa = PBXGroup;
			children = (
				8CEE66322192DAF900E94945 /* SectionModelType.swift */,
				8CEE66332192DAF900E94945 /* SectionModel.swift */,
				8CEE66342192DAF900E94945 /* TableView+CacheInvalidation.swift */,
				8CEE66352192DAF900E94945 /* RowModelType.swift */,
				8CEE66362192DAF900E94945 /* RowModel.swift */,
				8CEE66372192DAF900E94945 /* Calculate.swift */,
				8CEE66382192DAF900E94945 /* TableViewConfiguration.swift */,
				8CEE66392192DAF900E94945 /* IndexPathHeightCache.swift */,
			);
			path = OptiTableView;
			sourceTree = "<group>";
		};
		8CEE663A2192DAF900E94945 /* Utility */ = {
			isa = PBXGroup;
			children = (
				8C1FED902193ED6300F23F9D /* OYUtils.swift */,
				8C0A95F721958AD100E9BCC0 /* OYUtils+theme.swift */,
				8C1FED952193ED6300F23F9D /* OYUtils+AlertViewController.swift */,
				8CCA663C21AF8ED600D069FF /* OYUtils+ImageView.swift */,
				8C1FED932193ED6300F23F9D /* OYUtils+CGHelper.swift */,
				8C1FED962193ED6300F23F9D /* OYUtils+Device.swift */,
				8C1FED942193ED6300F23F9D /* OYUtils+File.swift */,
				8C1FED9C2193ED6300F23F9D /* OYUtils+HUD.swift */,
				8C1FED9A2193ED6300F23F9D /* OYUtils+Json.swift */,
				8C1FED912193ED6300F23F9D /* OYUtils+Label.swift */,
				8C1FED8F2193ED6300F23F9D /* OYUtils+Nib.swift */,
				8C1FED992193ED6300F23F9D /* OYUtils+Regex.swift */,
				8C1FED982193ED6300F23F9D /* OYUtils+String.swift */,
				8C1FED9B2193ED6300F23F9D /* OYUtils+Swizzled.swift */,
				8C1FED922193ED6300F23F9D /* OYUtils+UIImage.swift */,
			);
			path = Utility;
			sourceTree = "<group>";
		};
		8CFAAAB1219027A5001B7AFD /* Modules */ = {
			isa = PBXGroup;
			children = (
				8CA991F221B6651200AF202B /* BaseVCEnable */,
				65A1382D2195E9A200968D70 /* LoginModule */,
				65A138352195E9A200968D70 /* Settings */,
				8C1FEDB32194367700F23F9D /* Index */,
				8C1FEDB22194367700F23F9D /* Reservation */,
				65A1380221932A5E00968D70 /* Me */,
				8CEE661E2192D49800E94945 /* Chat */,
				8CFAAABD219027C3001B7AFD /* MainTabBar */,
			);
			path = Modules;
			sourceTree = "<group>";
		};
		8CFAAABD219027C3001B7AFD /* MainTabBar */ = {
			isa = PBXGroup;
			children = (
				8CFAAAC221904AA3001B7AFD /* MainViewController.swift */,
				8CFAAAC021904AA3001B7AFD /* MainPresenter.swift */,
				8CFAAAC421904AA3001B7AFD /* MainInteractor.swift */,
				8CFAAAC121904AA3001B7AFD /* MainRouter.swift */,
				8CFAAAC321904AA3001B7AFD /* MainProtocols.swift */,
			);
			path = MainTabBar;
			sourceTree = "<group>";
		};
		8E4B9EE1D010018E1923704C /* Pods */ = {
			isa = PBXGroup;
			children = (
				313B88B1ECB6A5EF5DB94DCA /* Pods-BodyBuild.debug.xcconfig */,
				66E33F9AF3BC90A948B14AFB /* Pods-BodyBuild.release.xcconfig */,
			);
			name = Pods;
			sourceTree = "<group>";
		};
/* End PBXGroup section */

/* Begin PBXNativeTarget section */
		8C0EFCB6218C4137001B470F /* BodyBuild */ = {
			isa = PBXNativeTarget;
			buildConfigurationList = 8C0EFCC9218C4138001B470F /* Build configuration list for PBXNativeTarget "BodyBuild" */;
			buildPhases = (
				FB637D8971395BD038FDB886 /* [CP] Check Pods Manifest.lock */,
				8C0EFCB3218C4137001B470F /* Sources */,
				8C0EFCB4218C4137001B470F /* Frameworks */,
				8C0EFCB5218C4137001B470F /* Resources */,
				1BBFFD08336273A0B6ABD191 /* [CP] Embed Pods Frameworks */,
				CC683065A7B97EC1A3322B54 /* [CP] Copy Pods Resources */,
			);
			buildRules = (
			);
			dependencies = (
			);
			name = BodyBuild;
			productName = BodyBuild;
			productReference = 8C0EFCB7218C4137001B470F /* BodyBuild.app */;
			productType = "com.apple.product-type.application";
		};
/* End PBXNativeTarget section */

/* Begin PBXProject section */
		8C0EFCAF218C4137001B470F /* Project object */ = {
			isa = PBXProject;
			attributes = {
				LastSwiftUpdateCheck = 1000;
				LastUpgradeCheck = 1000;
				ORGANIZATIONNAME = Carisok;
				TargetAttributes = {
					8C0EFCB6218C4137001B470F = {
						CreatedOnToolsVersion = 10.0;
						LastSwiftMigration = 1010;
					};
				};
			};
			buildConfigurationList = 8C0EFCB2218C4137001B470F /* Build configuration list for PBXProject "BodyBuild" */;
			compatibilityVersion = "Xcode 9.3";
			developmentRegion = en;
			hasScannedForEncodings = 0;
			knownRegions = (
				en,
				Base,
			);
			mainGroup = 8C0EFCAE218C4137001B470F;
			productRefGroup = 8C0EFCB8218C4137001B470F /* Products */;
			projectDirPath = "";
			projectRoot = "";
			targets = (
				8C0EFCB6218C4137001B470F /* BodyBuild */,
			);
		};
/* End PBXProject section */

/* Begin PBXResourcesBuildPhase section */
		8C0EFCB5218C4137001B470F /* Resources */ = {
			isa = PBXResourcesBuildPhase;
			buildActionMask = 2147483647;
			files = (
				8C0EFCC5218C4138001B470F /* LaunchScreen.storyboard in Resources */,
				8C0EFCC2218C4138001B470F /* Assets.xcassets in Resources */,
				8C1FED8E2193E16D00F23F9D /* Chat.storyboard in Resources */,
				65A138432195E9A300968D70 /* Settings.storyboard in Resources */,
				65A1383D2195E9A300968D70 /* Login.storyboard in Resources */,
				8C0EFCC0218C4137001B470F /* Main.storyboard in Resources */,
			);
			runOnlyForDeploymentPostprocessing = 0;
		};
/* End PBXResourcesBuildPhase section */

/* Begin PBXShellScriptBuildPhase section */
		1BBFFD08336273A0B6ABD191 /* [CP] Embed Pods Frameworks */ = {
			isa = PBXShellScriptBuildPhase;
			buildActionMask = 2147483647;
			files = (
			);
			inputPaths = (
				"${SRCROOT}/Pods/Target Support Files/Pods-BodyBuild/Pods-BodyBuild-frameworks.sh",
				"${BUILT_PRODUCTS_DIR}/Alamofire/Alamofire.framework",
				"${BUILT_PRODUCTS_DIR}/DZNEmptyDataSet/DZNEmptyDataSet.framework",
				"${BUILT_PRODUCTS_DIR}/HandyJSON/HandyJSON.framework",
				"${BUILT_PRODUCTS_DIR}/IQKeyboardManager/IQKeyboardManager.framework",
				"${BUILT_PRODUCTS_DIR}/Kingfisher/Kingfisher.framework",
				"${BUILT_PRODUCTS_DIR}/MBProgressHUD/MBProgressHUD.framework",
				"${BUILT_PRODUCTS_DIR}/MJRefresh/MJRefresh.framework",
				"${BUILT_PRODUCTS_DIR}/Moya/Moya.framework",
				"${BUILT_PRODUCTS_DIR}/Result/Result.framework",
				"${BUILT_PRODUCTS_DIR}/SBCycleScrollView/SBCycleScrollView.framework",
				"${BUILT_PRODUCTS_DIR}/SnapKit/SnapKit.framework",
				"${BUILT_PRODUCTS_DIR}/SwiftyJSON/SwiftyJSON.framework",
				"${BUILT_PRODUCTS_DIR}/Toast-Swift/Toast_Swift.framework",
			);
			name = "[CP] Embed Pods Frameworks";
			outputPaths = (
				"${TARGET_BUILD_DIR}/${FRAMEWORKS_FOLDER_PATH}/Alamofire.framework",
				"${TARGET_BUILD_DIR}/${FRAMEWORKS_FOLDER_PATH}/DZNEmptyDataSet.framework",
				"${TARGET_BUILD_DIR}/${FRAMEWORKS_FOLDER_PATH}/HandyJSON.framework",
				"${TARGET_BUILD_DIR}/${FRAMEWORKS_FOLDER_PATH}/IQKeyboardManager.framework",
				"${TARGET_BUILD_DIR}/${FRAMEWORKS_FOLDER_PATH}/Kingfisher.framework",
				"${TARGET_BUILD_DIR}/${FRAMEWORKS_FOLDER_PATH}/MBProgressHUD.framework",
				"${TARGET_BUILD_DIR}/${FRAMEWORKS_FOLDER_PATH}/MJRefresh.framework",
				"${TARGET_BUILD_DIR}/${FRAMEWORKS_FOLDER_PATH}/Moya.framework",
				"${TARGET_BUILD_DIR}/${FRAMEWORKS_FOLDER_PATH}/Result.framework",
				"${TARGET_BUILD_DIR}/${FRAMEWORKS_FOLDER_PATH}/SBCycleScrollView.framework",
				"${TARGET_BUILD_DIR}/${FRAMEWORKS_FOLDER_PATH}/SnapKit.framework",
				"${TARGET_BUILD_DIR}/${FRAMEWORKS_FOLDER_PATH}/SwiftyJSON.framework",
				"${TARGET_BUILD_DIR}/${FRAMEWORKS_FOLDER_PATH}/Toast_Swift.framework",
			);
			runOnlyForDeploymentPostprocessing = 0;
			shellPath = /bin/sh;
			shellScript = "\"${SRCROOT}/Pods/Target Support Files/Pods-BodyBuild/Pods-BodyBuild-frameworks.sh\"\n";
			showEnvVarsInLog = 0;
		};
		CC683065A7B97EC1A3322B54 /* [CP] Copy Pods Resources */ = {
			isa = PBXShellScriptBuildPhase;
			buildActionMask = 2147483647;
			files = (
			);
			inputPaths = (
				"${SRCROOT}/Pods/Target Support Files/Pods-BodyBuild/Pods-BodyBuild-resources.sh",
				"${PODS_ROOT}/UMCShare/UMShare/UMSocialUI/UMSocialSDKResources.bundle",
			);
			name = "[CP] Copy Pods Resources";
			outputPaths = (
				"${TARGET_BUILD_DIR}/${UNLOCALIZED_RESOURCES_FOLDER_PATH}/UMSocialSDKResources.bundle",
			);
			runOnlyForDeploymentPostprocessing = 0;
			shellPath = /bin/sh;
			shellScript = "\"${SRCROOT}/Pods/Target Support Files/Pods-BodyBuild/Pods-BodyBuild-resources.sh\"\n";
			showEnvVarsInLog = 0;
		};
		FB637D8971395BD038FDB886 /* [CP] Check Pods Manifest.lock */ = {
			isa = PBXShellScriptBuildPhase;
			buildActionMask = 2147483647;
			files = (
			);
			inputPaths = (
				"${PODS_PODFILE_DIR_PATH}/Podfile.lock",
				"${PODS_ROOT}/Manifest.lock",
			);
			name = "[CP] Check Pods Manifest.lock";
			outputPaths = (
				"$(DERIVED_FILE_DIR)/Pods-BodyBuild-checkManifestLockResult.txt",
			);
			runOnlyForDeploymentPostprocessing = 0;
			shellPath = /bin/sh;
			shellScript = "diff \"${PODS_PODFILE_DIR_PATH}/Podfile.lock\" \"${PODS_ROOT}/Manifest.lock\" > /dev/null\nif [ $? != 0 ] ; then\n    # print error to STDERR\n    echo \"error: The sandbox is not in sync with the Podfile.lock. Run 'pod install' or update your CocoaPods installation.\" >&2\n    exit 1\nfi\n# This output is used by Xcode 'outputs' to avoid re-running this script phase.\necho \"SUCCESS\" > \"${SCRIPT_OUTPUT_FILE_0}\"\n";
			showEnvVarsInLog = 0;
		};
/* End PBXShellScriptBuildPhase section */

/* Begin PBXSourcesBuildPhase section */
		8C0EFCB3218C4137001B470F /* Sources */ = {
			isa = PBXSourcesBuildPhase;
			buildActionMask = 2147483647;
			files = (
				65A1380921932A6F00968D70 /* MePresenter.swift in Sources */,
				8C1FED9E2193ED6300F23F9D /* OYUtils.swift in Sources */,
				8CEE663D2192DAF900E94945 /* TableView+CacheInvalidation.swift in Sources */,
				65A1380D21932A6F00968D70 /* MeInteractor.swift in Sources */,
				8C0EFCE3218C4E2C001B470F /* UserDefaultService.swift in Sources */,
				65A138452195E9A300968D70 /* SettiingInteractor.swift in Sources */,
				8C1FEDA22193ED6300F23F9D /* OYUtils+File.swift in Sources */,
				8CCA663D21AF8ED600D069FF /* OYUtils+ImageView.swift in Sources */,
				8CFAAAC721904AA3001B7AFD /* MainRouter.swift in Sources */,
				8CFAAAC921904AA3001B7AFD /* MainProtocols.swift in Sources */,
				8C0EFCE4218C4E2C001B470F /* RequestService.swift in Sources */,
				8CEE663E2192DAF900E94945 /* RowModelType.swift in Sources */,
				8C1FEDA92193ED6300F23F9D /* OYUtils+Swizzled.swift in Sources */,
				8CA991F421B6653F00AF202B /* ViewController+AssociatedObject.swift in Sources */,
				8C1FEDA32193ED6300F23F9D /* OYUtils+AlertViewController.swift in Sources */,
				8C0EFCE2218C4E2C001B470F /* ServerConfig.swift in Sources */,
				8CEE66402192DAF900E94945 /* Calculate.swift in Sources */,
				8CEE663F2192DAF900E94945 /* RowModel.swift in Sources */,
				8C1FEDA02193ED6300F23F9D /* OYUtils+UIImage.swift in Sources */,
				8CA991EF21B6325A00AF202B /* ThemeOptions.swift in Sources */,
				8C0EFCE0218C4E2C001B470F /* AppInformation.swift in Sources */,
				8CA991F621B675CF00AF202B /* ThemeService+AssociatedObject.swift in Sources */,
				65A1383E2195E9A300968D70 /* LoginInteractor.swift in Sources */,
				8C1FEDA72193ED6300F23F9D /* OYUtils+Regex.swift in Sources */,
				8C0EFCBB218C4137001B470F /* AppDelegate.swift in Sources */,
				8C1FEDAA2193ED6300F23F9D /* OYUtils+HUD.swift in Sources */,
				8CFAAAC821904AA3001B7AFD /* MainViewController.swift in Sources */,
				8CEE66282192D4BA00E94945 /* ConversationListRouter.swift in Sources */,
				8CEE66272192D4BA00E94945 /* ConversationListPresenter.swift in Sources */,
				8C1FED9F2193ED6300F23F9D /* OYUtils+Label.swift in Sources */,
				65A138462195E9A300968D70 /* SettiingProtocols.swift in Sources */,
				8CFAAACA21904AA3001B7AFD /* MainInteractor.swift in Sources */,
				8C1FEDA82193ED6300F23F9D /* OYUtils+Json.swift in Sources */,
				65A138472195E9A300968D70 /* SettiingViewController.swift in Sources */,
				8C1FEDBE2194371F00F23F9D /* IndexInteractor.swift in Sources */,
				8C0A95F32195878600E9BCC0 /* ZJPageTitleView.swift in Sources */,
				8C0EFCE1218C4E2C001B470F /* ThemeConfig.swift in Sources */,
				65A1380B21932A6F00968D70 /* MeViewController.swift in Sources */,
				8C1FEDA62193ED6300F23F9D /* OYUtils+String.swift in Sources */,
				65A138412195E9A300968D70 /* LoginPresenter.swift in Sources */,
				65A1380A21932A6F00968D70 /* MeRouter.swift in Sources */,
				8C1FEDCA2194374700F23F9D /* ReservationInteractor.swift in Sources */,
				65A138442195E9A300968D70 /* SettiingRouter.swift in Sources */,
				8C0EFCDF218C4E2C001B470F /* HttpClient.swift in Sources */,
				8CA991F121B637B200AF202B /* ThemeService+Swizzled.swift in Sources */,
				8CEE66412192DAF900E94945 /* TableViewConfiguration.swift in Sources */,
				65A138402195E9A300968D70 /* LoginProtocols.swift in Sources */,
				8C1FEDBD2194371F00F23F9D /* IndexProtocols.swift in Sources */,
				65A1380C21932A6F00968D70 /* MeProtocols.swift in Sources */,
				8C1FEDC92194374700F23F9D /* ReservationProtocols.swift in Sources */,
				8C1FEDBA2194371F00F23F9D /* IndexPresenter.swift in Sources */,
				8C1FEDC82194374700F23F9D /* ReservationViewController.swift in Sources */,
				8CEE66422192DAF900E94945 /* IndexPathHeightCache.swift in Sources */,
				8CEE663B2192DAF900E94945 /* SectionModelType.swift in Sources */,
				8CEE66292192D4BA00E94945 /* ConversationListViewController.swift in Sources */,
				8CA991ED21B631A500AF202B /* ThemeService.swift in Sources */,
				8CA991EB21B6309200AF202B /* ThemeProtocol.swift in Sources */,
				65A1383F2195E9A300968D70 /* LoginViewController.swift in Sources */,
				65A138482195E9A300968D70 /* SettiingPresenter.swift in Sources */,
				8C0A95F42195878600E9BCC0 /* ZJPageOptions.swift in Sources */,
				8CEE662A2192D4BA00E94945 /* ConversationListProtocols.swift in Sources */,
				8C1FEDBB2194371F00F23F9D /* IndexRouter.swift in Sources */,
				8C1FEDA42193ED6300F23F9D /* OYUtils+Device.swift in Sources */,
				8CEE662B2192D4BA00E94945 /* ConversationListInteractor.swift in Sources */,
				8C0A95F52195878600E9BCC0 /* ZJBasePageControlCell.swift in Sources */,
				8CEE663C2192DAF900E94945 /* SectionModel.swift in Sources */,
				8CFAAAC621904AA3001B7AFD /* MainPresenter.swift in Sources */,
				8C0A95F821958AD100E9BCC0 /* OYUtils+theme.swift in Sources */,
				8C1FEDBC2194371F00F23F9D /* IndexViewController.swift in Sources */,
				8C1FEDA12193ED6300F23F9D /* OYUtils+CGHelper.swift in Sources */,
				8C0EFCDE218C4E2C001B470F /* RequestSet.swift in Sources */,
				8CEE662F2192D7AE00E94945 /* ConversationListCell.swift in Sources */,
				8C0A95F62195878600E9BCC0 /* ZJPageContentView.swift in Sources */,
				8C1FEDC72194374700F23F9D /* ReservationRouter.swift in Sources */,
				8C1FEDC62194374700F23F9D /* ReservationPresenter.swift in Sources */,
				65A138422195E9A300968D70 /* LoginRouter.swift in Sources */,
				8C1FED9D2193ED6300F23F9D /* OYUtils+Nib.swift in Sources */,
			);
			runOnlyForDeploymentPostprocessing = 0;
		};
/* End PBXSourcesBuildPhase section */

/* Begin PBXVariantGroup section */
		8C0EFCBE218C4137001B470F /* Main.storyboard */ = {
			isa = PBXVariantGroup;
			children = (
				8C0EFCBF218C4137001B470F /* Base */,
			);
			name = Main.storyboard;
			sourceTree = "<group>";
		};
		8C0EFCC3218C4138001B470F /* LaunchScreen.storyboard */ = {
			isa = PBXVariantGroup;
			children = (
				8C0EFCC4218C4138001B470F /* Base */,
			);
			name = LaunchScreen.storyboard;
			sourceTree = "<group>";
		};
/* End PBXVariantGroup section */

/* Begin XCBuildConfiguration section */
		8C0EFCC7218C4138001B470F /* Debug */ = {
			isa = XCBuildConfiguration;
			buildSettings = {
				ALWAYS_SEARCH_USER_PATHS = NO;
				CLANG_ANALYZER_NONNULL = YES;
				CLANG_ANALYZER_NUMBER_OBJECT_CONVERSION = YES_AGGRESSIVE;
				CLANG_CXX_LANGUAGE_STANDARD = "gnu++14";
				CLANG_CXX_LIBRARY = "libc++";
				CLANG_ENABLE_MODULES = YES;
				CLANG_ENABLE_OBJC_ARC = YES;
				CLANG_ENABLE_OBJC_WEAK = YES;
				CLANG_WARN_BLOCK_CAPTURE_AUTORELEASING = YES;
				CLANG_WARN_BOOL_CONVERSION = YES;
				CLANG_WARN_COMMA = YES;
				CLANG_WARN_CONSTANT_CONVERSION = YES;
				CLANG_WARN_DEPRECATED_OBJC_IMPLEMENTATIONS = YES;
				CLANG_WARN_DIRECT_OBJC_ISA_USAGE = YES_ERROR;
				CLANG_WARN_DOCUMENTATION_COMMENTS = YES;
				CLANG_WARN_EMPTY_BODY = YES;
				CLANG_WARN_ENUM_CONVERSION = YES;
				CLANG_WARN_INFINITE_RECURSION = YES;
				CLANG_WARN_INT_CONVERSION = YES;
				CLANG_WARN_NON_LITERAL_NULL_CONVERSION = YES;
				CLANG_WARN_OBJC_IMPLICIT_RETAIN_SELF = YES;
				CLANG_WARN_OBJC_LITERAL_CONVERSION = YES;
				CLANG_WARN_OBJC_ROOT_CLASS = YES_ERROR;
				CLANG_WARN_RANGE_LOOP_ANALYSIS = YES;
				CLANG_WARN_STRICT_PROTOTYPES = YES;
				CLANG_WARN_SUSPICIOUS_MOVE = YES;
				CLANG_WARN_UNGUARDED_AVAILABILITY = YES_AGGRESSIVE;
				CLANG_WARN_UNREACHABLE_CODE = YES;
				CLANG_WARN__DUPLICATE_METHOD_MATCH = YES;
				CODE_SIGN_IDENTITY = "iPhone Developer";
				COPY_PHASE_STRIP = NO;
				DEBUG_INFORMATION_FORMAT = dwarf;
				ENABLE_STRICT_OBJC_MSGSEND = YES;
				ENABLE_TESTABILITY = YES;
				GCC_C_LANGUAGE_STANDARD = gnu11;
				GCC_DYNAMIC_NO_PIC = NO;
				GCC_NO_COMMON_BLOCKS = YES;
				GCC_OPTIMIZATION_LEVEL = 0;
				GCC_PREPROCESSOR_DEFINITIONS = (
					"DEBUG=1",
					"$(inherited)",
				);
				GCC_WARN_64_TO_32_BIT_CONVERSION = YES;
				GCC_WARN_ABOUT_RETURN_TYPE = YES_ERROR;
				GCC_WARN_UNDECLARED_SELECTOR = YES;
				GCC_WARN_UNINITIALIZED_AUTOS = YES_AGGRESSIVE;
				GCC_WARN_UNUSED_FUNCTION = YES;
				GCC_WARN_UNUSED_VARIABLE = YES;
				IPHONEOS_DEPLOYMENT_TARGET = 12.0;
				MTL_ENABLE_DEBUG_INFO = INCLUDE_SOURCE;
				MTL_FAST_MATH = YES;
				ONLY_ACTIVE_ARCH = YES;
				SDKROOT = iphoneos;
				SWIFT_ACTIVE_COMPILATION_CONDITIONS = DEBUG;
				SWIFT_OPTIMIZATION_LEVEL = "-Onone";
			};
			name = Debug;
		};
		8C0EFCC8218C4138001B470F /* Release */ = {
			isa = XCBuildConfiguration;
			buildSettings = {
				ALWAYS_SEARCH_USER_PATHS = NO;
				CLANG_ANALYZER_NONNULL = YES;
				CLANG_ANALYZER_NUMBER_OBJECT_CONVERSION = YES_AGGRESSIVE;
				CLANG_CXX_LANGUAGE_STANDARD = "gnu++14";
				CLANG_CXX_LIBRARY = "libc++";
				CLANG_ENABLE_MODULES = YES;
				CLANG_ENABLE_OBJC_ARC = YES;
				CLANG_ENABLE_OBJC_WEAK = YES;
				CLANG_WARN_BLOCK_CAPTURE_AUTORELEASING = YES;
				CLANG_WARN_BOOL_CONVERSION = YES;
				CLANG_WARN_COMMA = YES;
				CLANG_WARN_CONSTANT_CONVERSION = YES;
				CLANG_WARN_DEPRECATED_OBJC_IMPLEMENTATIONS = YES;
				CLANG_WARN_DIRECT_OBJC_ISA_USAGE = YES_ERROR;
				CLANG_WARN_DOCUMENTATION_COMMENTS = YES;
				CLANG_WARN_EMPTY_BODY = YES;
				CLANG_WARN_ENUM_CONVERSION = YES;
				CLANG_WARN_INFINITE_RECURSION = YES;
				CLANG_WARN_INT_CONVERSION = YES;
				CLANG_WARN_NON_LITERAL_NULL_CONVERSION = YES;
				CLANG_WARN_OBJC_IMPLICIT_RETAIN_SELF = YES;
				CLANG_WARN_OBJC_LITERAL_CONVERSION = YES;
				CLANG_WARN_OBJC_ROOT_CLASS = YES_ERROR;
				CLANG_WARN_RANGE_LOOP_ANALYSIS = YES;
				CLANG_WARN_STRICT_PROTOTYPES = YES;
				CLANG_WARN_SUSPICIOUS_MOVE = YES;
				CLANG_WARN_UNGUARDED_AVAILABILITY = YES_AGGRESSIVE;
				CLANG_WARN_UNREACHABLE_CODE = YES;
				CLANG_WARN__DUPLICATE_METHOD_MATCH = YES;
				CODE_SIGN_IDENTITY = "iPhone Developer";
				COPY_PHASE_STRIP = NO;
				DEBUG_INFORMATION_FORMAT = "dwarf-with-dsym";
				ENABLE_NS_ASSERTIONS = NO;
				ENABLE_STRICT_OBJC_MSGSEND = YES;
				GCC_C_LANGUAGE_STANDARD = gnu11;
				GCC_NO_COMMON_BLOCKS = YES;
				GCC_WARN_64_TO_32_BIT_CONVERSION = YES;
				GCC_WARN_ABOUT_RETURN_TYPE = YES_ERROR;
				GCC_WARN_UNDECLARED_SELECTOR = YES;
				GCC_WARN_UNINITIALIZED_AUTOS = YES_AGGRESSIVE;
				GCC_WARN_UNUSED_FUNCTION = YES;
				GCC_WARN_UNUSED_VARIABLE = YES;
				IPHONEOS_DEPLOYMENT_TARGET = 12.0;
				MTL_ENABLE_DEBUG_INFO = NO;
				MTL_FAST_MATH = YES;
				SDKROOT = iphoneos;
				SWIFT_COMPILATION_MODE = wholemodule;
				SWIFT_OPTIMIZATION_LEVEL = "-O";
				VALIDATE_PRODUCT = YES;
			};
			name = Release;
		};
		8C0EFCCA218C4138001B470F /* Debug */ = {
			isa = XCBuildConfiguration;
			baseConfigurationReference = 313B88B1ECB6A5EF5DB94DCA /* Pods-BodyBuild.debug.xcconfig */;
			buildSettings = {
				ASSETCATALOG_COMPILER_APPICON_NAME = AppIcon;
				CLANG_ENABLE_MODULES = YES;
				CODE_SIGN_STYLE = Automatic;
				DEVELOPMENT_TEAM = A4GF3F53H9;
				GCC_PRECOMPILE_PREFIX_HEADER = NO;
				INFOPLIST_FILE = BodyBuild/Info.plist;
				IPHONEOS_DEPLOYMENT_TARGET = 9.0;
				LD_RUNPATH_SEARCH_PATHS = (
					"$(inherited)",
					"@executable_path/Frameworks",
				);
				PRODUCT_BUNDLE_IDENTIFIER = com.carisok.BodyBuild;
				PRODUCT_NAME = "$(TARGET_NAME)";
				SWIFT_OBJC_BRIDGING_HEADER = "BodyBuild/BodyBuild-Bridging-Header.h";
				SWIFT_OPTIMIZATION_LEVEL = "-Onone";
				SWIFT_VERSION = 4.2;
				TARGETED_DEVICE_FAMILY = "1,2";
				USER_HEADER_SEARCH_PATHS = "${PODS_ROOT}/**";
			};
			name = Debug;
		};
		8C0EFCCB218C4138001B470F /* Release */ = {
			isa = XCBuildConfiguration;
			baseConfigurationReference = 66E33F9AF3BC90A948B14AFB /* Pods-BodyBuild.release.xcconfig */;
			buildSettings = {
				ASSETCATALOG_COMPILER_APPICON_NAME = AppIcon;
				CLANG_ENABLE_MODULES = YES;
				CODE_SIGN_STYLE = Automatic;
				DEVELOPMENT_TEAM = A4GF3F53H9;
				GCC_PRECOMPILE_PREFIX_HEADER = NO;
				INFOPLIST_FILE = BodyBuild/Info.plist;
				IPHONEOS_DEPLOYMENT_TARGET = 9.0;
				LD_RUNPATH_SEARCH_PATHS = (
					"$(inherited)",
					"@executable_path/Frameworks",
				);
				PRODUCT_BUNDLE_IDENTIFIER = com.carisok.BodyBuild;
				PRODUCT_NAME = "$(TARGET_NAME)";
				SWIFT_OBJC_BRIDGING_HEADER = "BodyBuild/BodyBuild-Bridging-Header.h";
				SWIFT_VERSION = 4.2;
				TARGETED_DEVICE_FAMILY = "1,2";
				USER_HEADER_SEARCH_PATHS = "${PODS_ROOT}/**";
			};
			name = Release;
		};
/* End XCBuildConfiguration section */

/* Begin XCConfigurationList section */
		8C0EFCB2218C4137001B470F /* Build configuration list for PBXProject "BodyBuild" */ = {
			isa = XCConfigurationList;
			buildConfigurations = (
				8C0EFCC7218C4138001B470F /* Debug */,
				8C0EFCC8218C4138001B470F /* Release */,
			);
			defaultConfigurationIsVisible = 0;
			defaultConfigurationName = Release;
		};
		8C0EFCC9218C4138001B470F /* Build configuration list for PBXNativeTarget "BodyBuild" */ = {
			isa = XCConfigurationList;
			buildConfigurations = (
				8C0EFCCA218C4138001B470F /* Debug */,
				8C0EFCCB218C4138001B470F /* Release */,
			);
			defaultConfigurationIsVisible = 0;
			defaultConfigurationName = Release;
		};
/* End XCConfigurationList section */
	};
	rootObject = 8C0EFCAF218C4137001B470F /* Project object */;
}
